
Microsoft Visual Studio Solution File, Format Version 12.00
# Visual Studio Version 17
VisualStudioVersion = 17.3.32825.248
MinimumVisualStudioVersion = 10.0.40219.1
Project("{FAE04EC0-301F-11D3-BF4B-00C04F79EFBC}") = "Api-Advert-assignment", "Api-Advert-assignment\Api-Advert-assignment.csproj", "{34A6D345-8F46-4C38-96D3-EFB86824D189}"
EndProject
Global
	GlobalSection(SolutionConfigurationPlatforms) = preSolution
		Debug|Any CPU = Debug|Any CPU
		Release|Any CPU = Release|Any CPU
	EndGlobalSection
	GlobalSection(ProjectConfigurationPlatforms) = postSolution
		{34A6D345-8F46-4C38-96D3-EFB86824D189}.Debug|Any CPU.ActiveCfg = Debug|Any CPU
		{34A6D345-8F46-4C38-96D3-EFB86824D189}.Debug|Any CPU.Build.0 = Debug|Any CPU
		{34A6D345-8F46-4C38-96D3-EFB86824D189}.Release|Any CPU.ActiveCfg = Release|Any CPU
		{34A6D345-8F46-4C38-96D3-EFB86824D189}.Release|Any CPU.Build.0 = Release|Any CPU
	EndGlobalSection
	GlobalSection(SolutionProperties) = preSolution
		HideSolutionNode = FALSE
	EndGlobalSection
	GlobalSection(ExtensibilityGlobals) = postSolution
		SolutionGuid = {2B62B965-1E44-47C0-9346-5075ADC1F535}
	EndGlobalSection
EndGlobal
